
Microsoft Visual Studio Solution File, Format Version 12.00
# Visual Studio Version 16
VisualStudioVersion = 16.0.31729.503
MinimumVisualStudioVersion = 10.0.40219.1
Project("{FAE04EC0-301F-11D3-BF4B-00C04F79EFBC}") = "OA.ELECTRONIC", "OA.PHONE\OA.ELECTRONIC.csproj", "{9E9A3098-DA53-49BF-AE2C-5F6905BE7EA4}"
EndProject
Project("{FAE04EC0-301F-11D3-BF4B-00C04F79EFBC}") = "OA.Entity", "OA.Entity\OA.Entity.csproj", "{243CA102-AFED-4CC0-9928-7639687094BB}"
EndProject
Project("{FAE04EC0-301F-11D3-BF4B-00C04F79EFBC}") = "OA.DTO", "OA.DTO\OA.DTO.csproj", "{30BA5D9E-D295-4270-8807-126E87CEF219}"
EndProject
Project("{FAE04EC0-301F-11D3-BF4B-00C04F79EFBC}") = "OA.DAL", "OA.DAL\OA.DAL.csproj", "{1A5EDFE2-96F9-4AD6-AE45-A37639BBDCDB}"
EndProject
Project("{FAE04EC0-301F-11D3-BF4B-00C04F79EFBC}") = "OA.Commons", "OA.Commons\OA.Commons.csproj", "{439A5F39-A55D-4CD2-85C7-D4053BC3272A}"
EndProject
Global
	GlobalSection(SolutionConfigurationPlatforms) = preSolution
		Debug|Any CPU = Debug|Any CPU
		Release|Any CPU = Release|Any CPU
	EndGlobalSection
	GlobalSection(ProjectConfigurationPlatforms) = postSolution
		{9E9A3098-DA53-49BF-AE2C-5F6905BE7EA4}.Debug|Any CPU.ActiveCfg = Debug|Any CPU
		{9E9A3098-DA53-49BF-AE2C-5F6905BE7EA4}.Debug|Any CPU.Build.0 = Debug|Any CPU
		{9E9A3098-DA53-49BF-AE2C-5F6905BE7EA4}.Release|Any CPU.ActiveCfg = Release|Any CPU
		{9E9A3098-DA53-49BF-AE2C-5F6905BE7EA4}.Release|Any CPU.Build.0 = Release|Any CPU
		{243CA102-AFED-4CC0-9928-7639687094BB}.Debug|Any CPU.ActiveCfg = Debug|Any CPU
		{243CA102-AFED-4CC0-9928-7639687094BB}.Debug|Any CPU.Build.0 = Debug|Any CPU
		{243CA102-AFED-4CC0-9928-7639687094BB}.Release|Any CPU.ActiveCfg = Release|Any CPU
		{243CA102-AFED-4CC0-9928-7639687094BB}.Release|Any CPU.Build.0 = Release|Any CPU
		{30BA5D9E-D295-4270-8807-126E87CEF219}.Debug|Any CPU.ActiveCfg = Debug|Any CPU
		{30BA5D9E-D295-4270-8807-126E87CEF219}.Debug|Any CPU.Build.0 = Debug|Any CPU
		{30BA5D9E-D295-4270-8807-126E87CEF219}.Release|Any CPU.ActiveCfg = Release|Any CPU
		{30BA5D9E-D295-4270-8807-126E87CEF219}.Release|Any CPU.Build.0 = Release|Any CPU
		{1A5EDFE2-96F9-4AD6-AE45-A37639BBDCDB}.Debug|Any CPU.ActiveCfg = Debug|Any CPU
		{1A5EDFE2-96F9-4AD6-AE45-A37639BBDCDB}.Debug|Any CPU.Build.0 = Debug|Any CPU
		{1A5EDFE2-96F9-4AD6-AE45-A37639BBDCDB}.Release|Any CPU.ActiveCfg = Release|Any CPU
		{1A5EDFE2-96F9-4AD6-AE45-A37639BBDCDB}.Release|Any CPU.Build.0 = Release|Any CPU
		{439A5F39-A55D-4CD2-85C7-D4053BC3272A}.Debug|Any CPU.ActiveCfg = Debug|Any CPU
		{439A5F39-A55D-4CD2-85C7-D4053BC3272A}.Debug|Any CPU.Build.0 = Debug|Any CPU
		{439A5F39-A55D-4CD2-85C7-D4053BC3272A}.Release|Any CPU.ActiveCfg = Release|Any CPU
		{439A5F39-A55D-4CD2-85C7-D4053BC3272A}.Release|Any CPU.Build.0 = Release|Any CPU
	EndGlobalSection
	GlobalSection(SolutionProperties) = preSolution
		HideSolutionNode = FALSE
	EndGlobalSection
	GlobalSection(ExtensibilityGlobals) = postSolution
		SolutionGuid = {89F685D3-0EDF-4E5E-9EFE-9CF081B2FD1E}
	EndGlobalSection
EndGlobal
